
Microsoft Visual Studio Solution File, Format Version 12.00
# Visual Studio Version 16
VisualStudioVersion = 16.0.29020.237
MinimumVisualStudioVersion = 10.0.40219.1
Project("{FAE04EC0-301F-11D3-BF4B-00C04F79EFBC}") = "FileIOArray", "FileIOArray\FileIOArray.csproj", "{8399CA52-6157-44ED-BEE3-6C0228904E0A}"
EndProject
Global
	GlobalSection(SolutionConfigurationPlatforms) = preSolution
		Debug|Any CPU = Debug|Any CPU
		Release|Any CPU = Release|Any CPU
	EndGlobalSection
	GlobalSection(ProjectConfigurationPlatforms) = postSolution
		{8399CA52-6157-44ED-BEE3-6C0228904E0A}.Debug|Any CPU.ActiveCfg = Debug|Any CPU
		{8399CA52-6157-44ED-BEE3-6C0228904E0A}.Debug|Any CPU.Build.0 = Debug|Any CPU
		{8399CA52-6157-44ED-BEE3-6C0228904E0A}.Release|Any CPU.ActiveCfg = Release|Any CPU
		{8399CA52-6157-44ED-BEE3-6C0228904E0A}.Release|Any CPU.Build.0 = Release|Any CPU
	EndGlobalSection
	GlobalSection(SolutionProperties) = preSolution
		HideSolutionNode = FALSE
	EndGlobalSection
	GlobalSection(ExtensibilityGlobals) = postSolution
		SolutionGuid = {3F959A0F-6D58-4274-BE75-9941F96FF090}
	EndGlobalSection
EndGlobal
